
Microsoft Visual Studio Solution File, Format Version 12.00
# Visual Studio 15
VisualStudioVersion = 15.0.27703.2035
MinimumVisualStudioVersion = 10.0.40219.1
Project("{FAE04EC0-301F-11D3-BF4B-00C04F79EFBC}") = "TwitterClientMVC", "TwitterClientMVC\TwitterClientMVC.csproj", "{3D6F088E-1206-48B3-92EA-A5BAEA67CE2A}"
EndProject
Global
	GlobalSection(SolutionConfigurationPlatforms) = preSolution
		Debug|Any CPU = Debug|Any CPU
		Release|Any CPU = Release|Any CPU
	EndGlobalSection
	GlobalSection(ProjectConfigurationPlatforms) = postSolution
		{3D6F088E-1206-48B3-92EA-A5BAEA67CE2A}.Debug|Any CPU.ActiveCfg = Debug|Any CPU
		{3D6F088E-1206-48B3-92EA-A5BAEA67CE2A}.Debug|Any CPU.Build.0 = Debug|Any CPU
		{3D6F088E-1206-48B3-92EA-A5BAEA67CE2A}.Release|Any CPU.ActiveCfg = Release|Any CPU
		{3D6F088E-1206-48B3-92EA-A5BAEA67CE2A}.Release|Any CPU.Build.0 = Release|Any CPU
	EndGlobalSection
	GlobalSection(SolutionProperties) = preSolution
		HideSolutionNode = FALSE
	EndGlobalSection
	GlobalSection(ExtensibilityGlobals) = postSolution
		SolutionGuid = {7DBA8A05-46B3-41A1-818F-EDFE6A234735}
	EndGlobalSection
EndGlobal
